// !$*UTF8*$!
{
	archiveVersion = 1;
	classes = {
	};
	objectVersion = 77;
	objects = {

/* Begin PBXBuildFile section */
		3D43F01C2DEF13DD00F07FEC /* Lottie in Frameworks */ = {isa = PBXBuildFile; productRef = 3D43F01B2DEF13DD00F07FEC /* Lottie */; };
		3DD352F12DF13299006E8C71 /* CHANGELOG.md in Resources */ = {isa = PBXBuildFile; fileRef = 3DD352F02DF13293006E8C71 /* CHANGELOG.md */; };
/* End PBXBuildFile section */

/* Begin PBXContainerItemProxy section */
		3D407D272DE739F600E9AA4E /* PBXContainerItemProxy */ = {
			isa = PBXContainerItemProxy;
			containerPortal = 3D407D0E2DE739F500E9AA4E /* Project object */;
			proxyType = 1;
			remoteGlobalIDString = 3D407D152DE739F500E9AA4E;
			remoteInfo = HeeBob;
		};
		3D407D312DE739F600E9AA4E /* PBXContainerItemProxy */ = {
			isa = PBXContainerItemProxy;
			containerPortal = 3D407D0E2DE739F500E9AA4E /* Project object */;
			proxyType = 1;
			remoteGlobalIDString = 3D407D152DE739F500E9AA4E;
			remoteInfo = HeeBob;
		};
/* End PBXContainerItemProxy section */

/* Begin PBXFileReference section */
		3D407D162DE739F500E9AA4E /* HeeBob.app */ = {isa = PBXFileReference; explicitFileType = wrapper.application; includeInIndex = 0; path = HeeBob.app; sourceTree = BUILT_PRODUCTS_DIR; };
		3D407D262DE739F600E9AA4E /* HeeBobTests.xctest */ = {isa = PBXFileReference; explicitFileType = wrapper.cfbundle; includeInIndex = 0; path = HeeBobTests.xctest; sourceTree = BUILT_PRODUCTS_DIR; };
		3D407D302DE739F600E9AA4E /* HeeBobUITests.xctest */ = {isa = PBXFileReference; explicitFileType = wrapper.cfbundle; includeInIndex = 0; path = HeeBobUITests.xctest; sourceTree = BUILT_PRODUCTS_DIR; };
		3DD352F02DF13293006E8C71 /* CHANGELOG.md */ = {isa = PBXFileReference; lastKnownFileType = net.daringfireball.markdown; path = CHANGELOG.md; sourceTree = "<group>"; };
/* End PBXFileReference section */

/* Begin PBXFileSystemSynchronizedBuildFileExceptionSet section */
		EE11E2D62DEAC34F00BDC3E8 /* Exceptions for "HeeBob" folder in "HeeBob" target */ = {
			isa = PBXFileSystemSynchronizedBuildFileExceptionSet;
			membershipExceptions = (
				Info.plist,
			);
			target = 3D407D152DE739F500E9AA4E /* HeeBob */;
		};
/* End PBXFileSystemSynchronizedBuildFileExceptionSet section */

/* Begin PBXFileSystemSynchronizedRootGroup section */
		3D407D182DE739F500E9AA4E /* HeeBob */ = {
			isa = PBXFileSystemSynchronizedRootGroup;
			exceptions = (
				EE11E2D62DEAC34F00BDC3E8 /* Exceptions for "HeeBob" folder in "HeeBob" target */,
			);
			path = HeeBob;
			sourceTree = "<group>";
		};
		3D407D292DE739F600E9AA4E /* HeeBobTests */ = {
			isa = PBXFileSystemSynchronizedRootGroup;
			path = HeeBobTests;
			sourceTree = "<group>";
		};
		3D407D332DE739F600E9AA4E /* HeeBobUITests */ = {
			isa = PBXFileSystemSynchronizedRootGroup;
			path = HeeBobUITests;
			sourceTree = "<group>";
		};
/* End PBXFileSystemSynchronizedRootGroup section */

/* Begin PBXFrameworksBuildPhase section */
		3D407D132DE739F500E9AA4E /* Frameworks */ = {
			isa = PBXFrameworksBuildPhase;
			buildActionMask = 2147483647;
			files = (
				3D43F01C2DEF13DD00F07FEC /* Lottie in Frameworks */,
			);
			runOnlyForDeploymentPostprocessing = 0;
		};
		3D407D232DE739F600E9AA4E /* Frameworks */ = {
			isa = PBXFrameworksBuildPhase;
			buildActionMask = 2147483647;
			files = (
			);
			runOnlyForDeploymentPostprocessing = 0;
		};
		3D407D2D2DE739F600E9AA4E /* Frameworks */ = {
			isa = PBXFrameworksBuildPhase;
			buildActionMask = 2147483647;
			files = (
			);
			runOnlyForDeploymentPostprocessing = 0;
		};
/* End PBXFrameworksBuildPhase section */

/* Begin PBXGroup section */
		3D407D0D2DE739F500E9AA4E = {
			isa = PBXGroup;
			children = (
				3DD352F02DF13293006E8C71 /* CHANGELOG.md */,
				3D407D182DE739F500E9AA4E /* HeeBob */,
				3D407D292DE739F600E9AA4E /* HeeBobTests */,
				3D407D332DE739F600E9AA4E /* HeeBobUITests */,
				3D407D172DE739F500E9AA4E /* Products */,
			);
			sourceTree = "<group>";
		};
		3D407D172DE739F500E9AA4E /* Products */ = {
			isa = PBXGroup;
			children = (
				3D407D162DE739F500E9AA4E /* HeeBob.app */,
				3D407D262DE739F600E9AA4E /* HeeBobTests.xctest */,
				3D407D302DE739F600E9AA4E /* HeeBobUITests.xctest */,
			);
			name = Products;
			sourceTree = "<group>";
		};
/* End PBXGroup section */

/* Begin PBXNativeTarget section */
		3D407D152DE739F500E9AA4E /* HeeBob */ = {
			isa = PBXNativeTarget;
			buildConfigurationList = 3D407D3A2DE739F600E9AA4E /* Build configuration list for PBXNativeTarget "HeeBob" */;
			buildPhases = (
				3D407D122DE739F500E9AA4E /* Sources */,
				3D407D132DE739F500E9AA4E /* Frameworks */,
				3D407D142DE739F500E9AA4E /* Resources */,
			);
			buildRules = (
			);
			dependencies = (
			);
			fileSystemSynchronizedGroups = (
				3D407D182DE739F500E9AA4E /* HeeBob */,
			);
			name = HeeBob;
			packageProductDependencies = (
				3D43F01B2DEF13DD00F07FEC /* Lottie */,
			);
			productName = HeeBob;
			productReference = 3D407D162DE739F500E9AA4E /* HeeBob.app */;
			productType = "com.apple.product-type.application";
		};
		3D407D252DE739F600E9AA4E /* HeeBobTests */ = {
			isa = PBXNativeTarget;
			buildConfigurationList = 3D407D3D2DE739F600E9AA4E /* Build configuration list for PBXNativeTarget "HeeBobTests" */;
			buildPhases = (
				3D407D222DE739F600E9AA4E /* Sources */,
				3D407D232DE739F600E9AA4E /* Frameworks */,
				3D407D242DE739F600E9AA4E /* Resources */,
			);
			buildRules = (
			);
			dependencies = (
				3D407D282DE739F600E9AA4E /* PBXTargetDependency */,
			);
			fileSystemSynchronizedGroups = (
				3D407D292DE739F600E9AA4E /* HeeBobTests */,
			);
			name = HeeBobTests;
			packageProductDependencies = (
			);
			productName = HeeBobTests;
			productReference = 3D407D262DE739F600E9AA4E /* HeeBobTests.xctest */;
			productType = "com.apple.product-type.bundle.unit-test";
		};
		3D407D2F2DE739F600E9AA4E /* HeeBobUITests */ = {
			isa = PBXNativeTarget;
			buildConfigurationList = 3D407D402DE739F600E9AA4E /* Build configuration list for PBXNativeTarget "HeeBobUITests" */;
			buildPhases = (
				3D407D2C2DE739F600E9AA4E /* Sources */,
				3D407D2D2DE739F600E9AA4E /* Frameworks */,
				3D407D2E2DE739F600E9AA4E /* Resources */,
			);
			buildRules = (
			);
			dependencies = (
				3D407D322DE739F600E9AA4E /* PBXTargetDependency */,
			);
			fileSystemSynchronizedGroups = (
				3D407D332DE739F600E9AA4E /* HeeBobUITests */,
			);
			name = HeeBobUITests;
			packageProductDependencies = (
			);
			productName = HeeBobUITests;
			productReference = 3D407D302DE739F600E9AA4E /* HeeBobUITests.xctest */;
			productType = "com.apple.product-type.bundle.ui-testing";
		};
/* End PBXNativeTarget section */

/* Begin PBXProject section */
		3D407D0E2DE739F500E9AA4E /* Project object */ = {
			isa = PBXProject;
			attributes = {
				BuildIndependentTargetsInParallel = 1;
				LastSwiftUpdateCheck = 1620;
				LastUpgradeCheck = 1620;
				TargetAttributes = {
					3D407D152DE739F500E9AA4E = {
						CreatedOnToolsVersion = 16.2;
					};
					3D407D252DE739F600E9AA4E = {
						CreatedOnToolsVersion = 16.2;
						TestTargetID = 3D407D152DE739F500E9AA4E;
					};
					3D407D2F2DE739F600E9AA4E = {
						CreatedOnToolsVersion = 16.2;
						TestTargetID = 3D407D152DE739F500E9AA4E;
					};
				};
			};
			buildConfigurationList = 3D407D112DE739F500E9AA4E /* Build configuration list for PBXProject "HeeBob" */;
			developmentRegion = en;
			hasScannedForEncodings = 0;
			knownRegions = (
				en,
				Base,
			);
			mainGroup = 3D407D0D2DE739F500E9AA4E;
			minimizedProjectReferenceProxies = 1;
			packageReferences = (
				3D43F01A2DEF13DD00F07FEC /* XCRemoteSwiftPackageReference "lottie-spm" */,
			);
			preferredProjectObjectVersion = 77;
			productRefGroup = 3D407D172DE739F500E9AA4E /* Products */;
			projectDirPath = "";
			projectRoot = "";
			targets = (
				3D407D152DE739F500E9AA4E /* HeeBob */,
				3D407D252DE739F600E9AA4E /* HeeBobTests */,
				3D407D2F2DE739F600E9AA4E /* HeeBobUITests */,
			);
		};
/* End PBXProject section */

/* Begin PBXResourcesBuildPhase section */
		3D407D142DE739F500E9AA4E /* Resources */ = {
			isa = PBXResourcesBuildPhase;
			buildActionMask = 2147483647;
			files = (
				3DD352F12DF13299006E8C71 /* CHANGELOG.md in Resources */,
			);
			runOnlyForDeploymentPostprocessing = 0;
		};
		3D407D242DE739F600E9AA4E /* Resources */ = {
			isa = PBXResourcesBuildPhase;
			buildActionMask = 2147483647;
			files = (
			);
			runOnlyForDeploymentPostprocessing = 0;
		};
		3D407D2E2DE739F600E9AA4E /* Resources */ = {
			isa = PBXResourcesBuildPhase;
			buildActionMask = 2147483647;
			files = (
			);
			runOnlyForDeploymentPostprocessing = 0;
		};
/* End PBXResourcesBuildPhase section */

/* Begin PBXSourcesBuildPhase section */
		3D407D122DE739F500E9AA4E /* Sources */ = {
			isa = PBXSourcesBuildPhase;
			buildActionMask = 2147483647;
			files = (
			);
			runOnlyForDeploymentPostprocessing = 0;
		};
		3D407D222DE739F600E9AA4E /* Sources */ = {
			isa = PBXSourcesBuildPhase;
			buildActionMask = 2147483647;
			files = (
			);
			runOnlyForDeploymentPostprocessing = 0;
		};
		3D407D2C2DE739F600E9AA4E /* Sources */ = {
			isa = PBXSourcesBuildPhase;
			buildActionMask = 2147483647;
			files = (
			);
			runOnlyForDeploymentPostprocessing = 0;
		};
/* End PBXSourcesBuildPhase section */

/* Begin PBXTargetDependency section */
		3D407D282DE739F600E9AA4E /* PBXTargetDependency */ = {
			isa = PBXTargetDependency;
			target = 3D407D152DE739F500E9AA4E /* HeeBob */;
			targetProxy = 3D407D272DE739F600E9AA4E /* PBXContainerItemProxy */;
		};
		3D407D322DE739F600E9AA4E /* PBXTargetDependency */ = {
			isa = PBXTargetDependency;
			target = 3D407D152DE739F500E9AA4E /* HeeBob */;
			targetProxy = 3D407D312DE739F600E9AA4E /* PBXContainerItemProxy */;
		};
/* End PBXTargetDependency section */

/* Begin XCBuildConfiguration section */
		3D407D382DE739F600E9AA4E /* Debug */ = {
			isa = XCBuildConfiguration;
			buildSettings = {
				ALWAYS_SEARCH_USER_PATHS = NO;
				ASSETCATALOG_COMPILER_GENERATE_SWIFT_ASSET_SYMBOL_EXTENSIONS = YES;
				CLANG_ANALYZER_NONNULL = YES;
				CLANG_ANALYZER_NUMBER_OBJECT_CONVERSION = YES_AGGRESSIVE;
				CLANG_CXX_LANGUAGE_STANDARD = "gnu++20";
				CLANG_ENABLE_MODULES = YES;
				CLANG_ENABLE_OBJC_ARC = YES;
				CLANG_ENABLE_OBJC_WEAK = YES;
				CLANG_WARN_BLOCK_CAPTURE_AUTORELEASING = YES;
				CLANG_WARN_BOOL_CONVERSION = YES;
				CLANG_WARN_COMMA = YES;
				CLANG_WARN_CONSTANT_CONVERSION = YES;
				CLANG_WARN_DEPRECATED_OBJC_IMPLEMENTATIONS = YES;
				CLANG_WARN_DIRECT_OBJC_ISA_USAGE = YES_ERROR;
				CLANG_WARN_DOCUMENTATION_COMMENTS = YES;
				CLANG_WARN_EMPTY_BODY = YES;
				CLANG_WARN_ENUM_CONVERSION = YES;
				CLANG_WARN_INFINITE_RECURSION = YES;
				CLANG_WARN_INT_CONVERSION = YES;
				CLANG_WARN_NON_LITERAL_NULL_CONVERSION = YES;
				CLANG_WARN_OBJC_IMPLICIT_RETAIN_SELF = YES;
				CLANG_WARN_OBJC_LITERAL_CONVERSION = YES;
				CLANG_WARN_OBJC_ROOT_CLASS = YES_ERROR;
				CLANG_WARN_QUOTED_INCLUDE_IN_FRAMEWORK_HEADER = YES;
				CLANG_WARN_RANGE_LOOP_ANALYSIS = YES;
				CLANG_WARN_STRICT_PROTOTYPES = YES;
				CLANG_WARN_SUSPICIOUS_MOVE = YES;
				CLANG_WARN_UNGUARDED_AVAILABILITY = YES_AGGRESSIVE;
				CLANG_WARN_UNREACHABLE_CODE = YES;
				CLANG_WARN__DUPLICATE_METHOD_MATCH = YES;
				COPY_PHASE_STRIP = NO;
				DEBUG_INFORMATION_FORMAT = dwarf;
				ENABLE_STRICT_OBJC_MSGSEND = YES;
				ENABLE_TESTABILITY = YES;
				ENABLE_USER_SCRIPT_SANDBOXING = YES;
				GCC_C_LANGUAGE_STANDARD = gnu17;
				GCC_DYNAMIC_NO_PIC = NO;
				GCC_NO_COMMON_BLOCKS = YES;
				GCC_OPTIMIZATION_LEVEL = 0;
				GCC_PREPROCESSOR_DEFINITIONS = (
					"DEBUG=1",
					"$(inherited)",
				);
				GCC_WARN_64_TO_32_BIT_CONVERSION = YES;
				GCC_WARN_ABOUT_RETURN_TYPE = YES_ERROR;
				GCC_WARN_UNDECLARED_SELECTOR = YES;
				GCC_WARN_UNINITIALIZED_AUTOS = YES_AGGRESSIVE;
				GCC_WARN_UNUSED_FUNCTION = YES;
				GCC_WARN_UNUSED_VARIABLE = YES;
				IPHONEOS_DEPLOYMENT_TARGET = 18.2;
				LOCALIZATION_PREFERS_STRING_CATALOGS = YES;
				MTL_ENABLE_DEBUG_INFO = INCLUDE_SOURCE;
				MTL_FAST_MATH = YES;
				ONLY_ACTIVE_ARCH = YES;
				SDKROOT = iphoneos;
				SWIFT_ACTIVE_COMPILATION_CONDITIONS = "DEBUG $(inherited)";
				SWIFT_OPTIMIZATION_LEVEL = "-Onone";
			};
			name = Debug;
		};
		3D407D392DE739F600E9AA4E /* Release */ = {
			isa = XCBuildConfiguration;
			buildSettings = {
				ALWAYS_SEARCH_USER_PATHS = NO;
				ASSETCATALOG_COMPILER_GENERATE_SWIFT_ASSET_SYMBOL_EXTENSIONS = YES;
				CLANG_ANALYZER_NONNULL = YES;
				CLANG_ANALYZER_NUMBER_OBJECT_CONVERSION = YES_AGGRESSIVE;
				CLANG_CXX_LANGUAGE_STANDARD = "gnu++20";
				CLANG_ENABLE_MODULES = YES;
				CLANG_ENABLE_OBJC_ARC = YES;
				CLANG_ENABLE_OBJC_WEAK = YES;
				CLANG_WARN_BLOCK_CAPTURE_AUTORELEASING = YES;
				CLANG_WARN_BOOL_CONVERSION = YES;
				CLANG_WARN_COMMA = YES;
				CLANG_WARN_CONSTANT_CONVERSION = YES;
				CLANG_WARN_DEPRECATED_OBJC_IMPLEMENTATIONS = YES;
				CLANG_WARN_DIRECT_OBJC_ISA_USAGE = YES_ERROR;
				CLANG_WARN_DOCUMENTATION_COMMENTS = YES;
				CLANG_WARN_EMPTY_BODY = YES;
				CLANG_WARN_ENUM_CONVERSION = YES;
				CLANG_WARN_INFINITE_RECURSION = YES;
				CLANG_WARN_INT_CONVERSION = YES;
				CLANG_WARN_NON_LITERAL_NULL_CONVERSION = YES;
				CLANG_WARN_OBJC_IMPLICIT_RETAIN_SELF = YES;
				CLANG_WARN_OBJC_LITERAL_CONVERSION = YES;
				CLANG_WARN_OBJC_ROOT_CLASS = YES_ERROR;
				CLANG_WARN_QUOTED_INCLUDE_IN_FRAMEWORK_HEADER = YES;
				CLANG_WARN_RANGE_LOOP_ANALYSIS = YES;
				CLANG_WARN_STRICT_PROTOTYPES = YES;
				CLANG_WARN_SUSPICIOUS_MOVE = YES;
				CLANG_WARN_UNGUARDED_AVAILABILITY = YES_AGGRESSIVE;
				CLANG_WARN_UNREACHABLE_CODE = YES;
				CLANG_WARN__DUPLICATE_METHOD_MATCH = YES;
				COPY_PHASE_STRIP = NO;
				DEBUG_INFORMATION_FORMAT = "dwarf-with-dsym";
				ENABLE_NS_ASSERTIONS = NO;
				ENABLE_STRICT_OBJC_MSGSEND = YES;
				ENABLE_USER_SCRIPT_SANDBOXING = YES;
				GCC_C_LANGUAGE_STANDARD = gnu17;
				GCC_NO_COMMON_BLOCKS = YES;
				GCC_WARN_64_TO_32_BIT_CONVERSION = YES;
				GCC_WARN_ABOUT_RETURN_TYPE = YES_ERROR;
				GCC_WARN_UNDECLARED_SELECTOR = YES;
				GCC_WARN_UNINITIALIZED_AUTOS = YES_AGGRESSIVE;
				GCC_WARN_UNUSED_FUNCTION = YES;
				GCC_WARN_UNUSED_VARIABLE = YES;
				IPHONEOS_DEPLOYMENT_TARGET = 18.2;
				LOCALIZATION_PREFERS_STRING_CATALOGS = YES;
				MTL_ENABLE_DEBUG_INFO = NO;
				MTL_FAST_MATH = YES;
				SDKROOT = iphoneos;
				SWIFT_COMPILATION_MODE = wholemodule;
				VALIDATE_PRODUCT = YES;
			};
			name = Release;
		};
		3D407D3B2DE739F600E9AA4E /* Debug */ = {
			isa = XCBuildConfiguration;
			buildSettings = {
				ASSETCATALOG_COMPILER_APPICON_NAME = AppIcon;
				ASSETCATALOG_COMPILER_GLOBAL_ACCENT_COLOR_NAME = AccentColor;
				CODE_SIGN_STYLE = Automatic;
				CURRENT_PROJECT_VERSION = 5;
				DEVELOPMENT_ASSET_PATHS = "\"HeeBob/Preview Content\"";
				DEVELOPMENT_TEAM = XS9UN8F2AX;
				ENABLE_PREVIEWS = YES;
				GENERATE_INFOPLIST_FILE = YES;
				INFOPLIST_FILE = HeeBob/Info.plist;
				INFOPLIST_KEY_UIApplicationSceneManifest_Generation = YES;
				INFOPLIST_KEY_UIApplicationSupportsIndirectInputEvents = YES;
				INFOPLIST_KEY_UILaunchScreen_Generation = YES;
				INFOPLIST_KEY_UISupportedInterfaceOrientations_iPad = "UIInterfaceOrientationPortrait UIInterfaceOrientationPortraitUpsideDown UIInterfaceOrientationLandscapeLeft UIInterfaceOrientationLandscapeRight";
				INFOPLIST_KEY_UISupportedInterfaceOrientations_iPhone = "UIInterfaceOrientationPortrait UIInterfaceOrientationLandscapeLeft UIInterfaceOrientationLandscapeRight";
				INFOPLIST_KEY_UIUserInterfaceStyle = Light;
				LD_RUNPATH_SEARCH_PATHS = (
					"$(inherited)",
					"@executable_path/Frameworks",
				);
				MARKETING_VERSION = 0.0.4;
				PRODUCT_BUNDLE_IDENTIFIER = com.chickcream.HeeBob;
				PRODUCT_NAME = "$(TARGET_NAME)";
				SWIFT_EMIT_LOC_STRINGS = YES;
				SWIFT_VERSION = 5.0;
				TARGETED_DEVICE_FAMILY = "1,2";
			};
			name = Debug;
		};
		3D407D3C2DE739F600E9AA4E /* Release */ = {
			isa = XCBuildConfiguration;
			buildSettings = {
				ASSETCATALOG_COMPILER_APPICON_NAME = AppIcon;
				ASSETCATALOG_COMPILER_GLOBAL_ACCENT_COLOR_NAME = AccentColor;
				CODE_SIGN_STYLE = Automatic;
				CURRENT_PROJECT_VERSION = 5;
				DEVELOPMENT_ASSET_PATHS = "\"HeeBob/Preview Content\"";
				DEVELOPMENT_TEAM = XS9UN8F2AX;
				ENABLE_PREVIEWS = YES;
				GENERATE_INFOPLIST_FILE = YES;
				INFOPLIST_FILE = HeeBob/Info.plist;
				INFOPLIST_KEY_UIApplicationSceneManifest_Generation = YES;
				INFOPLIST_KEY_UIApplicationSupportsIndirectInputEvents = YES;
				INFOPLIST_KEY_UILaunchScreen_Generation = YES;
				INFOPLIST_KEY_UISupportedInterfaceOrientations_iPad = "UIInterfaceOrientationPortrait UIInterfaceOrientationPortraitUpsideDown UIInterfaceOrientationLandscapeLeft UIInterfaceOrientationLandscapeRight";
				INFOPLIST_KEY_UISupportedInterfaceOrientations_iPhone = "UIInterfaceOrientationPortrait UIInterfaceOrientationLandscapeLeft UIInterfaceOrientationLandscapeRight";
				INFOPLIST_KEY_UIUserInterfaceStyle = Light;
				LD_RUNPATH_SEARCH_PATHS = (
					"$(inherited)",
					"@executable_path/Frameworks",
				);
				MARKETING_VERSION = 0.0.4;
				PRODUCT_BUNDLE_IDENTIFIER = com.chickcream.HeeBob;
				PRODUCT_NAME = "$(TARGET_NAME)";
				SWIFT_EMIT_LOC_STRINGS = YES;
				SWIFT_VERSION = 5.0;
				TARGETED_DEVICE_FAMILY = "1,2";
			};
			name = Release;
		};
		3D407D3E2DE739F600E9AA4E /* Debug */ = {
			isa = XCBuildConfiguration;
			buildSettings = {
				BUNDLE_LOADER = "$(TEST_HOST)";
				CODE_SIGN_STYLE = Automatic;
				CURRENT_PROJECT_VERSION = 1;
				DEVELOPMENT_TEAM = XS9UN8F2AX;
				GENERATE_INFOPLIST_FILE = YES;
				IPHONEOS_DEPLOYMENT_TARGET = 18.2;
				MARKETING_VERSION = 1.0;
				PRODUCT_BUNDLE_IDENTIFIER = com.youngtaek.HeeBobTests;
				PRODUCT_NAME = "$(TARGET_NAME)";
				SWIFT_EMIT_LOC_STRINGS = NO;
				SWIFT_VERSION = 5.0;
				TARGETED_DEVICE_FAMILY = "1,2";
				TEST_HOST = "$(BUILT_PRODUCTS_DIR)/HeeBob.app/$(BUNDLE_EXECUTABLE_FOLDER_PATH)/HeeBob";
			};
			name = Debug;
		};
		3D407D3F2DE739F600E9AA4E /* Release */ = {
			isa = XCBuildConfiguration;
			buildSettings = {
				BUNDLE_LOADER = "$(TEST_HOST)";
				CODE_SIGN_STYLE = Automatic;
				CURRENT_PROJECT_VERSION = 1;
				DEVELOPMENT_TEAM = XS9UN8F2AX;
				GENERATE_INFOPLIST_FILE = YES;
				IPHONEOS_DEPLOYMENT_TARGET = 18.2;
				MARKETING_VERSION = 1.0;
				PRODUCT_BUNDLE_IDENTIFIER = com.youngtaek.HeeBobTests;
				PRODUCT_NAME = "$(TARGET_NAME)";
				SWIFT_EMIT_LOC_STRINGS = NO;
				SWIFT_VERSION = 5.0;
				TARGETED_DEVICE_FAMILY = "1,2";
				TEST_HOST = "$(BUILT_PRODUCTS_DIR)/HeeBob.app/$(BUNDLE_EXECUTABLE_FOLDER_PATH)/HeeBob";
			};
			name = Release;
		};
		3D407D412DE739F600E9AA4E /* Debug */ = {
			isa = XCBuildConfiguration;
			buildSettings = {
				CODE_SIGN_STYLE = Automatic;
				CURRENT_PROJECT_VERSION = 1;
				DEVELOPMENT_TEAM = XS9UN8F2AX;
				GENERATE_INFOPLIST_FILE = YES;
				MARKETING_VERSION = 1.0;
				PRODUCT_BUNDLE_IDENTIFIER = com.youngtaek.HeeBobUITests;
				PRODUCT_NAME = "$(TARGET_NAME)";
				SWIFT_EMIT_LOC_STRINGS = NO;
				SWIFT_VERSION = 5.0;
				TARGETED_DEVICE_FAMILY = "1,2";
				TEST_TARGET_NAME = HeeBob;
			};
			name = Debug;
		};
		3D407D422DE739F600E9AA4E /* Release */ = {
			isa = XCBuildConfiguration;
			buildSettings = {
				CODE_SIGN_STYLE = Automatic;
				CURRENT_PROJECT_VERSION = 1;
				DEVELOPMENT_TEAM = XS9UN8F2AX;
				GENERATE_INFOPLIST_FILE = YES;
				MARKETING_VERSION = 1.0;
				PRODUCT_BUNDLE_IDENTIFIER = com.youngtaek.HeeBobUITests;
				PRODUCT_NAME = "$(TARGET_NAME)";
				SWIFT_EMIT_LOC_STRINGS = NO;
				SWIFT_VERSION = 5.0;
				TARGETED_DEVICE_FAMILY = "1,2";
				TEST_TARGET_NAME = HeeBob;
			};
			name = Release;
		};
/* End XCBuildConfiguration section */

/* Begin XCConfigurationList section */
		3D407D112DE739F500E9AA4E /* Build configuration list for PBXProject "HeeBob" */ = {
			isa = XCConfigurationList;
			buildConfigurations = (
				3D407D382DE739F600E9AA4E /* Debug */,
				3D407D392DE739F600E9AA4E /* Release */,
			);
			defaultConfigurationIsVisible = 0;
			defaultConfigurationName = Release;
		};
		3D407D3A2DE739F600E9AA4E /* Build configuration list for PBXNativeTarget "HeeBob" */ = {
			isa = XCConfigurationList;
			buildConfigurations = (
				3D407D3B2DE739F600E9AA4E /* Debug */,
				3D407D3C2DE739F600E9AA4E /* Release */,
			);
			defaultConfigurationIsVisible = 0;
			defaultConfigurationName = Release;
		};
		3D407D3D2DE739F600E9AA4E /* Build configuration list for PBXNativeTarget "HeeBobTests" */ = {
			isa = XCConfigurationList;
			buildConfigurations = (
				3D407D3E2DE739F600E9AA4E /* Debug */,
				3D407D3F2DE739F600E9AA4E /* Release */,
			);
			defaultConfigurationIsVisible = 0;
			defaultConfigurationName = Release;
		};
		3D407D402DE739F600E9AA4E /* Build configuration list for PBXNativeTarget "HeeBobUITests" */ = {
			isa = XCConfigurationList;
			buildConfigurations = (
				3D407D412DE739F600E9AA4E /* Debug */,
				3D407D422DE739F600E9AA4E /* Release */,
			);
			defaultConfigurationIsVisible = 0;
			defaultConfigurationName = Release;
		};
/* End XCConfigurationList section */

/* Begin XCRemoteSwiftPackageReference section */
		3D43F01A2DEF13DD00F07FEC /* XCRemoteSwiftPackageReference "lottie-spm" */ = {
			isa = XCRemoteSwiftPackageReference;
			repositoryURL = "https://github.com/airbnb/lottie-spm.git";
			requirement = {
				kind = exactVersion;
				version = 4.5.2;
			};
		};
/* End XCRemoteSwiftPackageReference section */

/* Begin XCSwiftPackageProductDependency section */
		3D43F01B2DEF13DD00F07FEC /* Lottie */ = {
			isa = XCSwiftPackageProductDependency;
			package = 3D43F01A2DEF13DD00F07FEC /* XCRemoteSwiftPackageReference "lottie-spm" */;
			productName = Lottie;
		};
/* End XCSwiftPackageProductDependency section */
	};
	rootObject = 3D407D0E2DE739F500E9AA4E /* Project object */;
}
